
Microsoft Visual Studio Solution File, Format Version 12.00
# Visual Studio Version 17
VisualStudioVersion = 17.4.33205.214
MinimumVisualStudioVersion = 10.0.40219.1
Project("{9A19103F-16F7-4668-BE54-9A1E7A4F7556}") = "CommunityServerAPI", "CommunityServerAPI.csproj", "{787887A1-8AEE-43E4-AF9B-A3883DE04486}"
EndProject
Project("{FAE04EC0-301F-11D3-BF4B-00C04F79EFBC}") = "BattleBitAPI.Program", "..\BattleBitAPI.Program\BattleBitAPI.Program.csproj", "{96D55E1B-2711-47E2-9DA1-41B645F4FCF2}"
EndProject
Global
	GlobalSection(SolutionConfigurationPlatforms) = preSolution
		Debug|Any CPU = Debug|Any CPU
		Release|Any CPU = Release|Any CPU
	EndGlobalSection
	GlobalSection(ProjectConfigurationPlatforms) = postSolution
		{787887A1-8AEE-43E4-AF9B-A3883DE04486}.Debug|Any CPU.ActiveCfg = Debug|Any CPU
		{787887A1-8AEE-43E4-AF9B-A3883DE04486}.Debug|Any CPU.Build.0 = Debug|Any CPU
		{787887A1-8AEE-43E4-AF9B-A3883DE04486}.Release|Any CPU.ActiveCfg = Release|Any CPU
		{787887A1-8AEE-43E4-AF9B-A3883DE04486}.Release|Any CPU.Build.0 = Release|Any CPU
		{96D55E1B-2711-47E2-9DA1-41B645F4FCF2}.Debug|Any CPU.ActiveCfg = Debug|Any CPU
		{96D55E1B-2711-47E2-9DA1-41B645F4FCF2}.Debug|Any CPU.Build.0 = Debug|Any CPU
		{96D55E1B-2711-47E2-9DA1-41B645F4FCF2}.Release|Any CPU.ActiveCfg = Release|Any CPU
		{96D55E1B-2711-47E2-9DA1-41B645F4FCF2}.Release|Any CPU.Build.0 = Release|Any CPU
	EndGlobalSection
	GlobalSection(SolutionProperties) = preSolution
		HideSolutionNode = FALSE
	EndGlobalSection
	GlobalSection(ExtensibilityGlobals) = postSolution
		SolutionGuid = {107CE7B8-8DB9-4467-AF24-1F22E52469E5}
	EndGlobalSection
EndGlobal
